
Microsoft Visual Studio Solution File, Format Version 12.00
Project("{FAE04EC0-301F-11D3-BF4B-00C04F79EFBC}") = "Restaurant.Api", "Restaurant.Api\Restaurant.Api.csproj", "{83B139EF-D841-426E-A860-511227FAFB69}"
EndProject
Project("{FAE04EC0-301F-11D3-BF4B-00C04F79EFBC}") = "Restaurant.Application", "Restaurant.Application\Restaurant.Application.csproj", "{1A87E1F8-7B3A-480F-B5CB-AA48D94F9014}"
EndProject
Project("{FAE04EC0-301F-11D3-BF4B-00C04F79EFBC}") = "Restaurant.Infrastructure", "Restaurant.Infrastructure\Restaurant.Infrastructure.csproj", "{0B769DAD-E604-415A-A9DB-1623026D4D34}"
EndProject
Project("{FAE04EC0-301F-11D3-BF4B-00C04F79EFBC}") = "Restaurant.Tests", "Restaurant.Tests\Restaurant.Tests.csproj", "{02CF4817-8A98-4017-AA88-970BFBCE1544}"
EndProject
Project("{FAE04EC0-301F-11D3-BF4B-00C04F79EFBC}") = "Restaurant.Domain", "Restaurant.Domain\Restaurant.Domain.csproj", "{3863D93B-A1B8-47C6-B797-969F93AEDD67}"
EndProject
Global
	GlobalSection(SolutionConfigurationPlatforms) = preSolution
		Debug|Any CPU = Debug|Any CPU
		Release|Any CPU = Release|Any CPU
	EndGlobalSection
	GlobalSection(ProjectConfigurationPlatforms) = postSolution
		{83B139EF-D841-426E-A860-511227FAFB69}.Debug|Any CPU.ActiveCfg = Debug|Any CPU
		{83B139EF-D841-426E-A860-511227FAFB69}.Debug|Any CPU.Build.0 = Debug|Any CPU
		{83B139EF-D841-426E-A860-511227FAFB69}.Release|Any CPU.ActiveCfg = Release|Any CPU
		{83B139EF-D841-426E-A860-511227FAFB69}.Release|Any CPU.Build.0 = Release|Any CPU
		{1A87E1F8-7B3A-480F-B5CB-AA48D94F9014}.Debug|Any CPU.ActiveCfg = Debug|Any CPU
		{1A87E1F8-7B3A-480F-B5CB-AA48D94F9014}.Debug|Any CPU.Build.0 = Debug|Any CPU
		{1A87E1F8-7B3A-480F-B5CB-AA48D94F9014}.Release|Any CPU.ActiveCfg = Release|Any CPU
		{1A87E1F8-7B3A-480F-B5CB-AA48D94F9014}.Release|Any CPU.Build.0 = Release|Any CPU
		{0B769DAD-E604-415A-A9DB-1623026D4D34}.Debug|Any CPU.ActiveCfg = Debug|Any CPU
		{0B769DAD-E604-415A-A9DB-1623026D4D34}.Debug|Any CPU.Build.0 = Debug|Any CPU
		{0B769DAD-E604-415A-A9DB-1623026D4D34}.Release|Any CPU.ActiveCfg = Release|Any CPU
		{0B769DAD-E604-415A-A9DB-1623026D4D34}.Release|Any CPU.Build.0 = Release|Any CPU
		{02CF4817-8A98-4017-AA88-970BFBCE1544}.Debug|Any CPU.ActiveCfg = Debug|Any CPU
		{02CF4817-8A98-4017-AA88-970BFBCE1544}.Debug|Any CPU.Build.0 = Debug|Any CPU
		{02CF4817-8A98-4017-AA88-970BFBCE1544}.Release|Any CPU.ActiveCfg = Release|Any CPU
		{02CF4817-8A98-4017-AA88-970BFBCE1544}.Release|Any CPU.Build.0 = Release|Any CPU
		{3863D93B-A1B8-47C6-B797-969F93AEDD67}.Debug|Any CPU.ActiveCfg = Debug|Any CPU
		{3863D93B-A1B8-47C6-B797-969F93AEDD67}.Debug|Any CPU.Build.0 = Debug|Any CPU
		{3863D93B-A1B8-47C6-B797-969F93AEDD67}.Release|Any CPU.ActiveCfg = Release|Any CPU
		{3863D93B-A1B8-47C6-B797-969F93AEDD67}.Release|Any CPU.Build.0 = Release|Any CPU
	EndGlobalSection
EndGlobal
